
Microsoft Visual Studio Solution File, Format Version 12.00
# Visual Studio Version 16
VisualStudioVersion = 16.0.32228.343
MinimumVisualStudioVersion = 10.0.40219.1
Project("{FAE04EC0-301F-11D3-BF4B-00C04F79EFBC}") = "WebApp1", "WebApp1.csproj", "{DD5B7B5A-2328-4434-A455-43F6C649CCAD}"
EndProject
Global
	GlobalSection(SolutionConfigurationPlatforms) = preSolution
		Debug|Any CPU = Debug|Any CPU
		Release|Any CPU = Release|Any CPU
	EndGlobalSection
	GlobalSection(ProjectConfigurationPlatforms) = postSolution
		{DD5B7B5A-2328-4434-A455-43F6C649CCAD}.Debug|Any CPU.ActiveCfg = Debug|Any CPU
		{DD5B7B5A-2328-4434-A455-43F6C649CCAD}.Debug|Any CPU.Build.0 = Debug|Any CPU
		{DD5B7B5A-2328-4434-A455-43F6C649CCAD}.Release|Any CPU.ActiveCfg = Release|Any CPU
		{DD5B7B5A-2328-4434-A455-43F6C649CCAD}.Release|Any CPU.Build.0 = Release|Any CPU
	EndGlobalSection
	GlobalSection(SolutionProperties) = preSolution
		HideSolutionNode = FALSE
	EndGlobalSection
	GlobalSection(ExtensibilityGlobals) = postSolution
		SolutionGuid = {4136F8CC-4327-4E99-B9B4-1181E55D2D26}
	EndGlobalSection
EndGlobal
